
Microsoft Visual Studio Solution File, Format Version 12.00
# Visual Studio 15
Project("{FAE04EC0-301F-11D3-BF4B-00C04F79EFBC}") = "Assembly-CSharp", "Assembly-CSharp.csproj", "{5EC1686B-2B10-2994-308E-CE64D24D60F6}"
EndProject
Project("{FAE04EC0-301F-11D3-BF4B-00C04F79EFBC}") = "Unity.Timeline.Editor", "Unity.Timeline.Editor.csproj", "{75C0926C-2DD2-8C7B-AFE6-89C2E9B2C198}"
EndProject
Global
	GlobalSection(SolutionConfigurationPlatforms) = preSolution
		Debug|Any CPU = Debug|Any CPU
		Release|Any CPU = Release|Any CPU
	EndGlobalSection
	GlobalSection(ProjectConfigurationPlatforms) = postSolution
		{5EC1686B-2B10-2994-308E-CE64D24D60F6}.Debug|Any CPU.ActiveCfg = Debug|Any CPU
		{5EC1686B-2B10-2994-308E-CE64D24D60F6}.Debug|Any CPU.Build.0 = Debug|Any CPU
		{5EC1686B-2B10-2994-308E-CE64D24D60F6}.Release|Any CPU.ActiveCfg = Release|Any CPU
		{5EC1686B-2B10-2994-308E-CE64D24D60F6}.Release|Any CPU.Build.0 = Release|Any CPU
		{75C0926C-2DD2-8C7B-AFE6-89C2E9B2C198}.Debug|Any CPU.ActiveCfg = Debug|Any CPU
		{75C0926C-2DD2-8C7B-AFE6-89C2E9B2C198}.Debug|Any CPU.Build.0 = Debug|Any CPU
		{75C0926C-2DD2-8C7B-AFE6-89C2E9B2C198}.Release|Any CPU.ActiveCfg = Release|Any CPU
		{75C0926C-2DD2-8C7B-AFE6-89C2E9B2C198}.Release|Any CPU.Build.0 = Release|Any CPU
	EndGlobalSection
	GlobalSection(SolutionProperties) = preSolution
		HideSolutionNode = FALSE
	EndGlobalSection
EndGlobal
